
Microsoft Visual Studio Solution File, Format Version 12.00
# Visual Studio Version 17
VisualStudioVersion = 17.3.32901.215
MinimumVisualStudioVersion = 10.0.40219.1
Project("{FAE04EC0-301F-11D3-BF4B-00C04F79EFBC}") = "PruebaCV_FranciscoBA", "PruebaCV_FranciscoBA\PruebaCV_FranciscoBA.csproj", "{8D5FAAAF-9EC9-4E62-BE48-8A801D1603EE}"
EndProject
Global
	GlobalSection(SolutionConfigurationPlatforms) = preSolution
		Debug|Any CPU = Debug|Any CPU
		Release|Any CPU = Release|Any CPU
	EndGlobalSection
	GlobalSection(ProjectConfigurationPlatforms) = postSolution
		{8D5FAAAF-9EC9-4E62-BE48-8A801D1603EE}.Debug|Any CPU.ActiveCfg = Debug|Any CPU
		{8D5FAAAF-9EC9-4E62-BE48-8A801D1603EE}.Debug|Any CPU.Build.0 = Debug|Any CPU
		{8D5FAAAF-9EC9-4E62-BE48-8A801D1603EE}.Release|Any CPU.ActiveCfg = Release|Any CPU
		{8D5FAAAF-9EC9-4E62-BE48-8A801D1603EE}.Release|Any CPU.Build.0 = Release|Any CPU
	EndGlobalSection
	GlobalSection(SolutionProperties) = preSolution
		HideSolutionNode = FALSE
	EndGlobalSection
	GlobalSection(ExtensibilityGlobals) = postSolution
		SolutionGuid = {CD02459C-9F7E-486A-8E58-7D795BBF2063}
	EndGlobalSection
EndGlobal
